
Microsoft Visual Studio Solution File, Format Version 12.00
# Visual Studio Version 18
VisualStudioVersion = 18.1.11312.151
MinimumVisualStudioVersion = 10.0.40219.1
Project("{FAE04EC0-301F-11D3-BF4B-00C04F79EFBC}") = "FitnessPlatform.Domain", "FitnessPlatform.Domain\FitnessPlatform.Domain.csproj", "{C78951B7-3765-4AF6-AB49-69C42381B33A}"
EndProject
Project("{FAE04EC0-301F-11D3-BF4B-00C04F79EFBC}") = "FitnessPlatform.Application", "FitnessPlatform.Application\FitnessPlatform.Application.csproj", "{6EB8272F-8CD7-4490-90A0-46BB429D06F3}"
EndProject
Project("{FAE04EC0-301F-11D3-BF4B-00C04F79EFBC}") = "FitnessPlatform.Infrastructure", "FitnessPlatform.Infrastructure\FitnessPlatform.Infrastructure.csproj", "{F49F0447-7769-42B3-B5E0-3134E1FF8EB2}"
EndProject
Project("{FAE04EC0-301F-11D3-BF4B-00C04F79EFBC}") = "FitnessPlatform.Api", "FitnessPlatform.Api\FitnessPlatform.Api.csproj", "{BA716364-3B15-4AEF-A56E-F1CED1B61397}"
EndProject
Global
	GlobalSection(SolutionConfigurationPlatforms) = preSolution
		Debug|Any CPU = Debug|Any CPU
		Debug|x64 = Debug|x64
		Debug|x86 = Debug|x86
		Release|Any CPU = Release|Any CPU
		Release|x64 = Release|x64
		Release|x86 = Release|x86
	EndGlobalSection
	GlobalSection(ProjectConfigurationPlatforms) = postSolution
		{C78951B7-3765-4AF6-AB49-69C42381B33A}.Debug|Any CPU.ActiveCfg = Debug|Any CPU
		{C78951B7-3765-4AF6-AB49-69C42381B33A}.Debug|Any CPU.Build.0 = Debug|Any CPU
		{C78951B7-3765-4AF6-AB49-69C42381B33A}.Debug|x64.ActiveCfg = Debug|Any CPU
		{C78951B7-3765-4AF6-AB49-69C42381B33A}.Debug|x64.Build.0 = Debug|Any CPU
		{C78951B7-3765-4AF6-AB49-69C42381B33A}.Debug|x86.ActiveCfg = Debug|Any CPU
		{C78951B7-3765-4AF6-AB49-69C42381B33A}.Debug|x86.Build.0 = Debug|Any CPU
		{C78951B7-3765-4AF6-AB49-69C42381B33A}.Release|Any CPU.ActiveCfg = Release|Any CPU
		{C78951B7-3765-4AF6-AB49-69C42381B33A}.Release|Any CPU.Build.0 = Release|Any CPU
		{C78951B7-3765-4AF6-AB49-69C42381B33A}.Release|x64.ActiveCfg = Release|Any CPU
		{C78951B7-3765-4AF6-AB49-69C42381B33A}.Release|x64.Build.0 = Release|Any CPU
		{C78951B7-3765-4AF6-AB49-69C42381B33A}.Release|x86.ActiveCfg = Release|Any CPU
		{C78951B7-3765-4AF6-AB49-69C42381B33A}.Release|x86.Build.0 = Release|Any CPU
		{6EB8272F-8CD7-4490-90A0-46BB429D06F3}.Debug|Any CPU.ActiveCfg = Debug|Any CPU
		{6EB8272F-8CD7-4490-90A0-46BB429D06F3}.Debug|Any CPU.Build.0 = Debug|Any CPU
		{6EB8272F-8CD7-4490-90A0-46BB429D06F3}.Debug|x64.ActiveCfg = Debug|Any CPU
		{6EB8272F-8CD7-4490-90A0-46BB429D06F3}.Debug|x64.Build.0 = Debug|Any CPU
		{6EB8272F-8CD7-4490-90A0-46BB429D06F3}.Debug|x86.ActiveCfg = Debug|Any CPU
		{6EB8272F-8CD7-4490-90A0-46BB429D06F3}.Debug|x86.Build.0 = Debug|Any CPU
		{6EB8272F-8CD7-4490-90A0-46BB429D06F3}.Release|Any CPU.ActiveCfg = Release|Any CPU
		{6EB8272F-8CD7-4490-90A0-46BB429D06F3}.Release|Any CPU.Build.0 = Release|Any CPU
		{6EB8272F-8CD7-4490-90A0-46BB429D06F3}.Release|x64.ActiveCfg = Release|Any CPU
		{6EB8272F-8CD7-4490-90A0-46BB429D06F3}.Release|x64.Build.0 = Release|Any CPU
		{6EB8272F-8CD7-4490-90A0-46BB429D06F3}.Release|x86.ActiveCfg = Release|Any CPU
		{6EB8272F-8CD7-4490-90A0-46BB429D06F3}.Release|x86.Build.0 = Release|Any CPU
		{F49F0447-7769-42B3-B5E0-3134E1FF8EB2}.Debug|Any CPU.ActiveCfg = Debug|Any CPU
		{F49F0447-7769-42B3-B5E0-3134E1FF8EB2}.Debug|Any CPU.Build.0 = Debug|Any CPU
		{F49F0447-7769-42B3-B5E0-3134E1FF8EB2}.Debug|x64.ActiveCfg = Debug|Any CPU
		{F49F0447-7769-42B3-B5E0-3134E1FF8EB2}.Debug|x64.Build.0 = Debug|Any CPU
		{F49F0447-7769-42B3-B5E0-3134E1FF8EB2}.Debug|x86.ActiveCfg = Debug|Any CPU
		{F49F0447-7769-42B3-B5E0-3134E1FF8EB2}.Debug|x86.Build.0 = Debug|Any CPU
		{F49F0447-7769-42B3-B5E0-3134E1FF8EB2}.Release|Any CPU.ActiveCfg = Release|Any CPU
		{F49F0447-7769-42B3-B5E0-3134E1FF8EB2}.Release|Any CPU.Build.0 = Release|Any CPU
		{F49F0447-7769-42B3-B5E0-3134E1FF8EB2}.Release|x64.ActiveCfg = Release|Any CPU
		{F49F0447-7769-42B3-B5E0-3134E1FF8EB2}.Release|x64.Build.0 = Release|Any CPU
		{F49F0447-7769-42B3-B5E0-3134E1FF8EB2}.Release|x86.ActiveCfg = Release|Any CPU
		{F49F0447-7769-42B3-B5E0-3134E1FF8EB2}.Release|x86.Build.0 = Release|Any CPU
		{BA716364-3B15-4AEF-A56E-F1CED1B61397}.Debug|Any CPU.ActiveCfg = Debug|Any CPU
		{BA716364-3B15-4AEF-A56E-F1CED1B61397}.Debug|Any CPU.Build.0 = Debug|Any CPU
		{BA716364-3B15-4AEF-A56E-F1CED1B61397}.Debug|x64.ActiveCfg = Debug|Any CPU
		{BA716364-3B15-4AEF-A56E-F1CED1B61397}.Debug|x64.Build.0 = Debug|Any CPU
		{BA716364-3B15-4AEF-A56E-F1CED1B61397}.Debug|x86.ActiveCfg = Debug|Any CPU
		{BA716364-3B15-4AEF-A56E-F1CED1B61397}.Debug|x86.Build.0 = Debug|Any CPU
		{BA716364-3B15-4AEF-A56E-F1CED1B61397}.Release|Any CPU.ActiveCfg = Release|Any CPU
		{BA716364-3B15-4AEF-A56E-F1CED1B61397}.Release|Any CPU.Build.0 = Release|Any CPU
		{BA716364-3B15-4AEF-A56E-F1CED1B61397}.Release|x64.ActiveCfg = Release|Any CPU
		{BA716364-3B15-4AEF-A56E-F1CED1B61397}.Release|x64.Build.0 = Release|Any CPU
		{BA716364-3B15-4AEF-A56E-F1CED1B61397}.Release|x86.ActiveCfg = Release|Any CPU
		{BA716364-3B15-4AEF-A56E-F1CED1B61397}.Release|x86.Build.0 = Release|Any CPU
	EndGlobalSection
	GlobalSection(SolutionProperties) = preSolution
		HideSolutionNode = FALSE
	EndGlobalSection
	GlobalSection(ExtensibilityGlobals) = postSolution
		SolutionGuid = {54DD5223-6B42-47D9-BC78-328742B83ED5}
	EndGlobalSection
EndGlobal
